// !$*UTF8*$!
{
	archiveVersion = 1;
	classes = {
	};
	objectVersion = 55;
	objects = {

/* Begin PBXBuildFile section */
		2F68D316D1DEE15FBBAF2702 /* Pods_telegramClone.framework in Frameworks */ = {isa = PBXBuildFile; fileRef = E61CF642B9174751E2EA8003 /* Pods_telegramClone.framework */; };
		C07FD6B027B66A880035600D /* mineControler.swift in Sources */ = {isa = PBXBuildFile; fileRef = C07FD6AF27B66A880035600D /* mineControler.swift */; };
		C07FD6B227B66A9F0035600D /* register.swift in Sources */ = {isa = PBXBuildFile; fileRef = C07FD6B127B66A9F0035600D /* register.swift */; };
		C07FD6B427B66ABC0035600D /* forgetPassword.swift in Sources */ = {isa = PBXBuildFile; fileRef = C07FD6B327B66ABC0035600D /* forgetPassword.swift */; };
		C07FD6B627B66AD90035600D /* infoFromLogin.swift in Sources */ = {isa = PBXBuildFile; fileRef = C07FD6B527B66AD90035600D /* infoFromLogin.swift */; };
		C07FD6B827B66AF70035600D /* help.swift in Sources */ = {isa = PBXBuildFile; fileRef = C07FD6B727B66AF70035600D /* help.swift */; };
		C07FD6CA27B77EE60035600D /* custom1.swift in Sources */ = {isa = PBXBuildFile; fileRef = C07FD6C927B77EE60035600D /* custom1.swift */; };
		C07FD6CC27B77EF90035600D /* second1.swift in Sources */ = {isa = PBXBuildFile; fileRef = C07FD6CB27B77EF80035600D /* second1.swift */; };
		C07FD6CE27B77F0A0035600D /* masseges.swift in Sources */ = {isa = PBXBuildFile; fileRef = C07FD6CD27B77F0A0035600D /* masseges.swift */; };
		C0C49CE127B4F1C500A92FBF /* AppDelegate.swift in Sources */ = {isa = PBXBuildFile; fileRef = C0C49CE027B4F1C500A92FBF /* AppDelegate.swift */; };
		C0C49CE327B4F1C500A92FBF /* SceneDelegate.swift in Sources */ = {isa = PBXBuildFile; fileRef = C0C49CE227B4F1C500A92FBF /* SceneDelegate.swift */; };
		C0C49CE527B4F1C500A92FBF /* ViewController.swift in Sources */ = {isa = PBXBuildFile; fileRef = C0C49CE427B4F1C500A92FBF /* ViewController.swift */; };
		C0C49CE827B4F1C500A92FBF /* Main.storyboard in Resources */ = {isa = PBXBuildFile; fileRef = C0C49CE627B4F1C500A92FBF /* Main.storyboard */; };
		C0C49CEA27B4F1C500A92FBF /* Assets.xcassets in Resources */ = {isa = PBXBuildFile; fileRef = C0C49CE927B4F1C500A92FBF /* Assets.xcassets */; };
		C0C49CED27B4F1C500A92FBF /* LaunchScreen.storyboard in Resources */ = {isa = PBXBuildFile; fileRef = C0C49CEB27B4F1C500A92FBF /* LaunchScreen.storyboard */; };
/* End PBXBuildFile section */

/* Begin PBXFileReference section */
		40C8EBD6473C17A98C2EB704 /* Pods-telegramClone.debug.xcconfig */ = {isa = PBXFileReference; includeInIndex = 1; lastKnownFileType = text.xcconfig; name = "Pods-telegramClone.debug.xcconfig"; path = "Target Support Files/Pods-telegramClone/Pods-telegramClone.debug.xcconfig"; sourceTree = "<group>"; };
		51E9531A45DCA5346BBEA9E8 /* Pods-telegramClone.release.xcconfig */ = {isa = PBXFileReference; includeInIndex = 1; lastKnownFileType = text.xcconfig; name = "Pods-telegramClone.release.xcconfig"; path = "Target Support Files/Pods-telegramClone/Pods-telegramClone.release.xcconfig"; sourceTree = "<group>"; };
		C07FD6AF27B66A880035600D /* mineControler.swift */ = {isa = PBXFileReference; lastKnownFileType = sourcecode.swift; path = mineControler.swift; sourceTree = "<group>"; };
		C07FD6B127B66A9F0035600D /* register.swift */ = {isa = PBXFileReference; lastKnownFileType = sourcecode.swift; path = register.swift; sourceTree = "<group>"; };
		C07FD6B327B66ABC0035600D /* forgetPassword.swift */ = {isa = PBXFileReference; lastKnownFileType = sourcecode.swift; path = forgetPassword.swift; sourceTree = "<group>"; };
		C07FD6B527B66AD90035600D /* infoFromLogin.swift */ = {isa = PBXFileReference; lastKnownFileType = sourcecode.swift; path = infoFromLogin.swift; sourceTree = "<group>"; };
		C07FD6B727B66AF70035600D /* help.swift */ = {isa = PBXFileReference; lastKnownFileType = sourcecode.swift; path = help.swift; sourceTree = "<group>"; };
		C07FD6C927B77EE60035600D /* custom1.swift */ = {isa = PBXFileReference; lastKnownFileType = sourcecode.swift; path = custom1.swift; sourceTree = "<group>"; };
		C07FD6CB27B77EF80035600D /* second1.swift */ = {isa = PBXFileReference; lastKnownFileType = sourcecode.swift; path = second1.swift; sourceTree = "<group>"; };
		C07FD6CD27B77F0A0035600D /* masseges.swift */ = {isa = PBXFileReference; lastKnownFileType = sourcecode.swift; path = masseges.swift; sourceTree = "<group>"; };
		C0C49CDD27B4F1C500A92FBF /* telegramClone.app */ = {isa = PBXFileReference; explicitFileType = wrapper.application; includeInIndex = 0; path = telegramClone.app; sourceTree = BUILT_PRODUCTS_DIR; };
		C0C49CE027B4F1C500A92FBF /* AppDelegate.swift */ = {isa = PBXFileReference; lastKnownFileType = sourcecode.swift; path = AppDelegate.swift; sourceTree = "<group>"; };
		C0C49CE227B4F1C500A92FBF /* SceneDelegate.swift */ = {isa = PBXFileReference; lastKnownFileType = sourcecode.swift; path = SceneDelegate.swift; sourceTree = "<group>"; };
		C0C49CE427B4F1C500A92FBF /* ViewController.swift */ = {isa = PBXFileReference; lastKnownFileType = sourcecode.swift; path = ViewController.swift; sourceTree = "<group>"; };
		C0C49CE727B4F1C500A92FBF /* Base */ = {isa = PBXFileReference; lastKnownFileType = file.storyboard; name = Base; path = Base.lproj/Main.storyboard; sourceTree = "<group>"; };
		C0C49CE927B4F1C500A92FBF /* Assets.xcassets */ = {isa = PBXFileReference; lastKnownFileType = folder.assetcatalog; path = Assets.xcassets; sourceTree = "<group>"; };
		C0C49CEC27B4F1C500A92FBF /* Base */ = {isa = PBXFileReference; lastKnownFileType = file.storyboard; name = Base; path = Base.lproj/LaunchScreen.storyboard; sourceTree = "<group>"; };
		C0C49CEE27B4F1C500A92FBF /* Info.plist */ = {isa = PBXFileReference; lastKnownFileType = text.plist.xml; path = Info.plist; sourceTree = "<group>"; };
		E61CF642B9174751E2EA8003 /* Pods_telegramClone.framework */ = {isa = PBXFileReference; explicitFileType = wrapper.framework; includeInIndex = 0; path = Pods_telegramClone.framework; sourceTree = BUILT_PRODUCTS_DIR; };
/* End PBXFileReference section */

/* Begin PBXFrameworksBuildPhase section */
		C0C49CDA27B4F1C500A92FBF /* Frameworks */ = {
			isa = PBXFrameworksBuildPhase;
			buildActionMask = 2147483647;
			files = (
				2F68D316D1DEE15FBBAF2702 /* Pods_telegramClone.framework in Frameworks */,
			);
			runOnlyForDeploymentPostprocessing = 0;
		};
/* End PBXFrameworksBuildPhase section */

/* Begin PBXGroup section */
		BC88EE2711E59BD2F647B5DA /* Pods */ = {
			isa = PBXGroup;
			children = (
				40C8EBD6473C17A98C2EB704 /* Pods-telegramClone.debug.xcconfig */,
				51E9531A45DCA5346BBEA9E8 /* Pods-telegramClone.release.xcconfig */,
			);
			path = Pods;
			sourceTree = "<group>";
		};
		C0C49CD427B4F1C500A92FBF = {
			isa = PBXGroup;
			children = (
				C0C49CDF27B4F1C500A92FBF /* telegramClone */,
				C0C49CDE27B4F1C500A92FBF /* Products */,
				BC88EE2711E59BD2F647B5DA /* Pods */,
				F0BA393C89E7F7FFB8BC3F5B /* Frameworks */,
			);
			sourceTree = "<group>";
		};
		C0C49CDE27B4F1C500A92FBF /* Products */ = {
			isa = PBXGroup;
			children = (
				C0C49CDD27B4F1C500A92FBF /* telegramClone.app */,
			);
			name = Products;
			sourceTree = "<group>";
		};
		C0C49CDF27B4F1C500A92FBF /* telegramClone */ = {
			isa = PBXGroup;
			children = (
				C0C49CE027B4F1C500A92FBF /* AppDelegate.swift */,
				C0C49CE227B4F1C500A92FBF /* SceneDelegate.swift */,
				C0C49CE427B4F1C500A92FBF /* ViewController.swift */,
				C07FD6AF27B66A880035600D /* mineControler.swift */,
				C07FD6B127B66A9F0035600D /* register.swift */,
				C07FD6B327B66ABC0035600D /* forgetPassword.swift */,
				C07FD6B527B66AD90035600D /* infoFromLogin.swift */,
				C07FD6B727B66AF70035600D /* help.swift */,
				C07FD6C927B77EE60035600D /* custom1.swift */,
				C07FD6CB27B77EF80035600D /* second1.swift */,
				C07FD6CD27B77F0A0035600D /* masseges.swift */,
				C0C49CE627B4F1C500A92FBF /* Main.storyboard */,
				C0C49CE927B4F1C500A92FBF /* Assets.xcassets */,
				C0C49CEB27B4F1C500A92FBF /* LaunchScreen.storyboard */,
				C0C49CEE27B4F1C500A92FBF /* Info.plist */,
			);
			path = telegramClone;
			sourceTree = "<group>";
		};
		F0BA393C89E7F7FFB8BC3F5B /* Frameworks */ = {
			isa = PBXGroup;
			children = (
				E61CF642B9174751E2EA8003 /* Pods_telegramClone.framework */,
			);
			name = Frameworks;
			sourceTree = "<group>";
		};
/* End PBXGroup section */

/* Begin PBXNativeTarget section */
		C0C49CDC27B4F1C500A92FBF /* telegramClone */ = {
			isa = PBXNativeTarget;
			buildConfigurationList = C0C49CF127B4F1C500A92FBF /* Build configuration list for PBXNativeTarget "telegramClone" */;
			buildPhases = (
				741AC15E29F09CAFA545405E /* [CP] Check Pods Manifest.lock */,
				C0C49CD927B4F1C500A92FBF /* Sources */,
				C0C49CDA27B4F1C500A92FBF /* Frameworks */,
				C0C49CDB27B4F1C500A92FBF /* Resources */,
				E4711CE7857A43715D9F4F3F /* [CP] Embed Pods Frameworks */,
			);
			buildRules = (
			);
			dependencies = (
			);
			name = telegramClone;
			productName = telegramClone;
			productReference = C0C49CDD27B4F1C500A92FBF /* telegramClone.app */;
			productType = "com.apple.product-type.application";
		};
/* End PBXNativeTarget section */

/* Begin PBXProject section */
		C0C49CD527B4F1C500A92FBF /* Project object */ = {
			isa = PBXProject;
			attributes = {
				BuildIndependentTargetsInParallel = 1;
				LastSwiftUpdateCheck = 1320;
				LastUpgradeCheck = 1320;
				TargetAttributes = {
					C0C49CDC27B4F1C500A92FBF = {
						CreatedOnToolsVersion = 13.2.1;
					};
				};
			};
			buildConfigurationList = C0C49CD827B4F1C500A92FBF /* Build configuration list for PBXProject "telegramClone" */;
			compatibilityVersion = "Xcode 13.0";
			developmentRegion = en;
			hasScannedForEncodings = 0;
			knownRegions = (
				en,
				Base,
			);
			mainGroup = C0C49CD427B4F1C500A92FBF;
			productRefGroup = C0C49CDE27B4F1C500A92FBF /* Products */;
			projectDirPath = "";
			projectRoot = "";
			targets = (
				C0C49CDC27B4F1C500A92FBF /* telegramClone */,
			);
		};
/* End PBXProject section */

/* Begin PBXResourcesBuildPhase section */
		C0C49CDB27B4F1C500A92FBF /* Resources */ = {
			isa = PBXResourcesBuildPhase;
			buildActionMask = 2147483647;
			files = (
				C0C49CED27B4F1C500A92FBF /* LaunchScreen.storyboard in Resources */,
				C0C49CEA27B4F1C500A92FBF /* Assets.xcassets in Resources */,
				C0C49CE827B4F1C500A92FBF /* Main.storyboard in Resources */,
			);
			runOnlyForDeploymentPostprocessing = 0;
		};
/* End PBXResourcesBuildPhase section */

/* Begin PBXShellScriptBuildPhase section */
		741AC15E29F09CAFA545405E /* [CP] Check Pods Manifest.lock */ = {
			isa = PBXShellScriptBuildPhase;
			buildActionMask = 2147483647;
			files = (
			);
			inputFileListPaths = (
			);
			inputPaths = (
				"${PODS_PODFILE_DIR_PATH}/Podfile.lock",
				"${PODS_ROOT}/Manifest.lock",
			);
			name = "[CP] Check Pods Manifest.lock";
			outputFileListPaths = (
			);
			outputPaths = (
				"$(DERIVED_FILE_DIR)/Pods-telegramClone-checkManifestLockResult.txt",
			);
			runOnlyForDeploymentPostprocessing = 0;
			shellPath = /bin/sh;
			shellScript = "diff \"${PODS_PODFILE_DIR_PATH}/Podfile.lock\" \"${PODS_ROOT}/Manifest.lock\" > /dev/null\nif [ $? != 0 ] ; then\n    # print error to STDERR\n    echo \"error: The sandbox is not in sync with the Podfile.lock. Run 'pod install' or update your CocoaPods installation.\" >&2\n    exit 1\nfi\n# This output is used by Xcode 'outputs' to avoid re-running this script phase.\necho \"SUCCESS\" > \"${SCRIPT_OUTPUT_FILE_0}\"\n";
			showEnvVarsInLog = 0;
		};
		E4711CE7857A43715D9F4F3F /* [CP] Embed Pods Frameworks */ = {
			isa = PBXShellScriptBuildPhase;
			buildActionMask = 2147483647;
			files = (
			);
			inputFileListPaths = (
				"${PODS_ROOT}/Target Support Files/Pods-telegramClone/Pods-telegramClone-frameworks-${CONFIGURATION}-input-files.xcfilelist",
			);
			name = "[CP] Embed Pods Frameworks";
			outputFileListPaths = (
				"${PODS_ROOT}/Target Support Files/Pods-telegramClone/Pods-telegramClone-frameworks-${CONFIGURATION}-output-files.xcfilelist",
			);
			runOnlyForDeploymentPostprocessing = 0;
			shellPath = /bin/sh;
			shellScript = "\"${PODS_ROOT}/Target Support Files/Pods-telegramClone/Pods-telegramClone-frameworks.sh\"\n";
			showEnvVarsInLog = 0;
		};
/* End PBXShellScriptBuildPhase section */

/* Begin PBXSourcesBuildPhase section */
		C0C49CD927B4F1C500A92FBF /* Sources */ = {
			isa = PBXSourcesBuildPhase;
			buildActionMask = 2147483647;
			files = (
				C07FD6CE27B77F0A0035600D /* masseges.swift in Sources */,
				C0C49CE527B4F1C500A92FBF /* ViewController.swift in Sources */,
				C0C49CE127B4F1C500A92FBF /* AppDelegate.swift in Sources */,
				C0C49CE327B4F1C500A92FBF /* SceneDelegate.swift in Sources */,
				C07FD6B027B66A880035600D /* mineControler.swift in Sources */,
				C07FD6B227B66A9F0035600D /* register.swift in Sources */,
				C07FD6B627B66AD90035600D /* infoFromLogin.swift in Sources */,
				C07FD6CA27B77EE60035600D /* custom1.swift in Sources */,
				C07FD6B827B66AF70035600D /* help.swift in Sources */,
				C07FD6B427B66ABC0035600D /* forgetPassword.swift in Sources */,
				C07FD6CC27B77EF90035600D /* second1.swift in Sources */,
			);
			runOnlyForDeploymentPostprocessing = 0;
		};
/* End PBXSourcesBuildPhase section */

/* Begin PBXVariantGroup section */
		C0C49CE627B4F1C500A92FBF /* Main.storyboard */ = {
			isa = PBXVariantGroup;
			children = (
				C0C49CE727B4F1C500A92FBF /* Base */,
			);
			name = Main.storyboard;
			sourceTree = "<group>";
		};
		C0C49CEB27B4F1C500A92FBF /* LaunchScreen.storyboard */ = {
			isa = PBXVariantGroup;
			children = (
				C0C49CEC27B4F1C500A92FBF /* Base */,
			);
			name = LaunchScreen.storyboard;
			sourceTree = "<group>";
		};
/* End PBXVariantGroup section */

/* Begin XCBuildConfiguration section */
		C0C49CEF27B4F1C500A92FBF /* Debug */ = {
			isa = XCBuildConfiguration;
			buildSettings = {
				ALWAYS_SEARCH_USER_PATHS = NO;
				CLANG_ANALYZER_NONNULL = YES;
				CLANG_ANALYZER_NUMBER_OBJECT_CONVERSION = YES_AGGRESSIVE;
				CLANG_CXX_LANGUAGE_STANDARD = "gnu++17";
				CLANG_CXX_LIBRARY = "libc++";
				CLANG_ENABLE_MODULES = YES;
				CLANG_ENABLE_OBJC_ARC = YES;
				CLANG_ENABLE_OBJC_WEAK = YES;
				CLANG_WARN_BLOCK_CAPTURE_AUTORELEASING = YES;
				CLANG_WARN_BOOL_CONVERSION = YES;
				CLANG_WARN_COMMA = YES;
				CLANG_WARN_CONSTANT_CONVERSION = YES;
				CLANG_WARN_DEPRECATED_OBJC_IMPLEMENTATIONS = YES;
				CLANG_WARN_DIRECT_OBJC_ISA_USAGE = YES_ERROR;
				CLANG_WARN_DOCUMENTATION_COMMENTS = YES;
				CLANG_WARN_EMPTY_BODY = YES;
				CLANG_WARN_ENUM_CONVERSION = YES;
				CLANG_WARN_INFINITE_RECURSION = YES;
				CLANG_WARN_INT_CONVERSION = YES;
				CLANG_WARN_NON_LITERAL_NULL_CONVERSION = YES;
				CLANG_WARN_OBJC_IMPLICIT_RETAIN_SELF = YES;
				CLANG_WARN_OBJC_LITERAL_CONVERSION = YES;
				CLANG_WARN_OBJC_ROOT_CLASS = YES_ERROR;
				CLANG_WARN_QUOTED_INCLUDE_IN_FRAMEWORK_HEADER = YES;
				CLANG_WARN_RANGE_LOOP_ANALYSIS = YES;
				CLANG_WARN_STRICT_PROTOTYPES = YES;
				CLANG_WARN_SUSPICIOUS_MOVE = YES;
				CLANG_WARN_UNGUARDED_AVAILABILITY = YES_AGGRESSIVE;
				CLANG_WARN_UNREACHABLE_CODE = YES;
				CLANG_WARN__DUPLICATE_METHOD_MATCH = YES;
				COPY_PHASE_STRIP = NO;
				DEBUG_INFORMATION_FORMAT = dwarf;
				ENABLE_STRICT_OBJC_MSGSEND = YES;
				ENABLE_TESTABILITY = YES;
				GCC_C_LANGUAGE_STANDARD = gnu11;
				GCC_DYNAMIC_NO_PIC = NO;
				GCC_NO_COMMON_BLOCKS = YES;
				GCC_OPTIMIZATION_LEVEL = 0;
				GCC_PREPROCESSOR_DEFINITIONS = (
					"DEBUG=1",
					"$(inherited)",
				);
				GCC_WARN_64_TO_32_BIT_CONVERSION = YES;
				GCC_WARN_ABOUT_RETURN_TYPE = YES_ERROR;
				GCC_WARN_UNDECLARED_SELECTOR = YES;
				GCC_WARN_UNINITIALIZED_AUTOS = YES_AGGRESSIVE;
				GCC_WARN_UNUSED_FUNCTION = YES;
				GCC_WARN_UNUSED_VARIABLE = YES;
				IPHONEOS_DEPLOYMENT_TARGET = 15.2;
				MTL_ENABLE_DEBUG_INFO = INCLUDE_SOURCE;
				MTL_FAST_MATH = YES;
				ONLY_ACTIVE_ARCH = YES;
				SDKROOT = iphoneos;
				SWIFT_ACTIVE_COMPILATION_CONDITIONS = DEBUG;
				SWIFT_OPTIMIZATION_LEVEL = "-Onone";
			};
			name = Debug;
		};
		C0C49CF027B4F1C500A92FBF /* Release */ = {
			isa = XCBuildConfiguration;
			buildSettings = {
				ALWAYS_SEARCH_USER_PATHS = NO;
				CLANG_ANALYZER_NONNULL = YES;
				CLANG_ANALYZER_NUMBER_OBJECT_CONVERSION = YES_AGGRESSIVE;
				CLANG_CXX_LANGUAGE_STANDARD = "gnu++17";
				CLANG_CXX_LIBRARY = "libc++";
				CLANG_ENABLE_MODULES = YES;
				CLANG_ENABLE_OBJC_ARC = YES;
				CLANG_ENABLE_OBJC_WEAK = YES;
				CLANG_WARN_BLOCK_CAPTURE_AUTORELEASING = YES;
				CLANG_WARN_BOOL_CONVERSION = YES;
				CLANG_WARN_COMMA = YES;
				CLANG_WARN_CONSTANT_CONVERSION = YES;
				CLANG_WARN_DEPRECATED_OBJC_IMPLEMENTATIONS = YES;
				CLANG_WARN_DIRECT_OBJC_ISA_USAGE = YES_ERROR;
				CLANG_WARN_DOCUMENTATION_COMMENTS = YES;
				CLANG_WARN_EMPTY_BODY = YES;
				CLANG_WARN_ENUM_CONVERSION = YES;
				CLANG_WARN_INFINITE_RECURSION = YES;
				CLANG_WARN_INT_CONVERSION = YES;
				CLANG_WARN_NON_LITERAL_NULL_CONVERSION = YES;
				CLANG_WARN_OBJC_IMPLICIT_RETAIN_SELF = YES;
				CLANG_WARN_OBJC_LITERAL_CONVERSION = YES;
				CLANG_WARN_OBJC_ROOT_CLASS = YES_ERROR;
				CLANG_WARN_QUOTED_INCLUDE_IN_FRAMEWORK_HEADER = YES;
				CLANG_WARN_RANGE_LOOP_ANALYSIS = YES;
				CLANG_WARN_STRICT_PROTOTYPES = YES;
				CLANG_WARN_SUSPICIOUS_MOVE = YES;
				CLANG_WARN_UNGUARDED_AVAILABILITY = YES_AGGRESSIVE;
				CLANG_WARN_UNREACHABLE_CODE = YES;
				CLANG_WARN__DUPLICATE_METHOD_MATCH = YES;
				COPY_PHASE_STRIP = NO;
				DEBUG_INFORMATION_FORMAT = "dwarf-with-dsym";
				ENABLE_NS_ASSERTIONS = NO;
				ENABLE_STRICT_OBJC_MSGSEND = YES;
				GCC_C_LANGUAGE_STANDARD = gnu11;
				GCC_NO_COMMON_BLOCKS = YES;
				GCC_WARN_64_TO_32_BIT_CONVERSION = YES;
				GCC_WARN_ABOUT_RETURN_TYPE = YES_ERROR;
				GCC_WARN_UNDECLARED_SELECTOR = YES;
				GCC_WARN_UNINITIALIZED_AUTOS = YES_AGGRESSIVE;
				GCC_WARN_UNUSED_FUNCTION = YES;
				GCC_WARN_UNUSED_VARIABLE = YES;
				IPHONEOS_DEPLOYMENT_TARGET = 15.2;
				MTL_ENABLE_DEBUG_INFO = NO;
				MTL_FAST_MATH = YES;
				SDKROOT = iphoneos;
				SWIFT_COMPILATION_MODE = wholemodule;
				SWIFT_OPTIMIZATION_LEVEL = "-O";
				VALIDATE_PRODUCT = YES;
			};
			name = Release;
		};
		C0C49CF227B4F1C500A92FBF /* Debug */ = {
			isa = XCBuildConfiguration;
			baseConfigurationReference = 40C8EBD6473C17A98C2EB704 /* Pods-telegramClone.debug.xcconfig */;
			buildSettings = {
				ASSETCATALOG_COMPILER_APPICON_NAME = AppIcon;
				ASSETCATALOG_COMPILER_GLOBAL_ACCENT_COLOR_NAME = AccentColor;
				CODE_SIGN_STYLE = Automatic;
				CURRENT_PROJECT_VERSION = 1;
				GENERATE_INFOPLIST_FILE = YES;
				INFOPLIST_FILE = telegramClone/Info.plist;
				INFOPLIST_KEY_UIApplicationSupportsIndirectInputEvents = YES;
				INFOPLIST_KEY_UILaunchStoryboardName = LaunchScreen;
				INFOPLIST_KEY_UIMainStoryboardFile = Main;
				INFOPLIST_KEY_UIRequiresFullScreen = NO;
				INFOPLIST_KEY_UIStatusBarHidden = YES;
				INFOPLIST_KEY_UISupportedInterfaceOrientations_iPad = "UIInterfaceOrientationPortrait UIInterfaceOrientationPortraitUpsideDown UIInterfaceOrientationLandscapeLeft UIInterfaceOrientationLandscapeRight";
				INFOPLIST_KEY_UISupportedInterfaceOrientations_iPhone = "UIInterfaceOrientationPortrait UIInterfaceOrientationLandscapeLeft UIInterfaceOrientationLandscapeRight";
				LD_RUNPATH_SEARCH_PATHS = (
					"$(inherited)",
					"@executable_path/Frameworks",
				);
				MARKETING_VERSION = 1.0;
				PRODUCT_BUNDLE_IDENTIFIER = qwert.telegramClone;
				PRODUCT_NAME = "$(TARGET_NAME)";
				SWIFT_EMIT_LOC_STRINGS = YES;
				SWIFT_VERSION = 5.0;
				TARGETED_DEVICE_FAMILY = "1,2";
			};
			name = Debug;
		};
		C0C49CF327B4F1C500A92FBF /* Release */ = {
			isa = XCBuildConfiguration;
			baseConfigurationReference = 51E9531A45DCA5346BBEA9E8 /* Pods-telegramClone.release.xcconfig */;
			buildSettings = {
				ASSETCATALOG_COMPILER_APPICON_NAME = AppIcon;
				ASSETCATALOG_COMPILER_GLOBAL_ACCENT_COLOR_NAME = AccentColor;
				CODE_SIGN_STYLE = Automatic;
				CURRENT_PROJECT_VERSION = 1;
				GENERATE_INFOPLIST_FILE = YES;
				INFOPLIST_FILE = telegramClone/Info.plist;
				INFOPLIST_KEY_UIApplicationSupportsIndirectInputEvents = YES;
				INFOPLIST_KEY_UILaunchStoryboardName = LaunchScreen;
				INFOPLIST_KEY_UIMainStoryboardFile = Main;
				INFOPLIST_KEY_UIRequiresFullScreen = NO;
				INFOPLIST_KEY_UIStatusBarHidden = YES;
				INFOPLIST_KEY_UISupportedInterfaceOrientations_iPad = "UIInterfaceOrientationPortrait UIInterfaceOrientationPortraitUpsideDown UIInterfaceOrientationLandscapeLeft UIInterfaceOrientationLandscapeRight";
				INFOPLIST_KEY_UISupportedInterfaceOrientations_iPhone = "UIInterfaceOrientationPortrait UIInterfaceOrientationLandscapeLeft UIInterfaceOrientationLandscapeRight";
				LD_RUNPATH_SEARCH_PATHS = (
					"$(inherited)",
					"@executable_path/Frameworks",
				);
				MARKETING_VERSION = 1.0;
				PRODUCT_BUNDLE_IDENTIFIER = qwert.telegramClone;
				PRODUCT_NAME = "$(TARGET_NAME)";
				SWIFT_EMIT_LOC_STRINGS = YES;
				SWIFT_VERSION = 5.0;
				TARGETED_DEVICE_FAMILY = "1,2";
			};
			name = Release;
		};
/* End XCBuildConfiguration section */

/* Begin XCConfigurationList section */
		C0C49CD827B4F1C500A92FBF /* Build configuration list for PBXProject "telegramClone" */ = {
			isa = XCConfigurationList;
			buildConfigurations = (
				C0C49CEF27B4F1C500A92FBF /* Debug */,
				C0C49CF027B4F1C500A92FBF /* Release */,
			);
			defaultConfigurationIsVisible = 0;
			defaultConfigurationName = Release;
		};
		C0C49CF127B4F1C500A92FBF /* Build configuration list for PBXNativeTarget "telegramClone" */ = {
			isa = XCConfigurationList;
			buildConfigurations = (
				C0C49CF227B4F1C500A92FBF /* Debug */,
				C0C49CF327B4F1C500A92FBF /* Release */,
			);
			defaultConfigurationIsVisible = 0;
			defaultConfigurationName = Release;
		};
/* End XCConfigurationList section */
	};
	rootObject = C0C49CD527B4F1C500A92FBF /* Project object */;
}
